
Microsoft Visual Studio Solution File, Format Version 12.00
# Visual Studio Version 17
VisualStudioVersion = 17.12.35506.116 d17.12
MinimumVisualStudioVersion = 10.0.40219.1
Project("{FAE04EC0-301F-11D3-BF4B-00C04F79EFBC}") = "AWSTestAPI", "AWSTestAPI\AWSTestAPI.csproj", "{FF011EDC-D7A8-4000-B202-AC7DD92C32FE}"
EndProject
Global
	GlobalSection(SolutionConfigurationPlatforms) = preSolution
		Debug|Any CPU = Debug|Any CPU
		Release|Any CPU = Release|Any CPU
	EndGlobalSection
	GlobalSection(ProjectConfigurationPlatforms) = postSolution
		{FF011EDC-D7A8-4000-B202-AC7DD92C32FE}.Debug|Any CPU.ActiveCfg = Debug|Any CPU
		{FF011EDC-D7A8-4000-B202-AC7DD92C32FE}.Debug|Any CPU.Build.0 = Debug|Any CPU
		{FF011EDC-D7A8-4000-B202-AC7DD92C32FE}.Release|Any CPU.ActiveCfg = Release|Any CPU
		{FF011EDC-D7A8-4000-B202-AC7DD92C32FE}.Release|Any CPU.Build.0 = Release|Any CPU
	EndGlobalSection
	GlobalSection(SolutionProperties) = preSolution
		HideSolutionNode = FALSE
	EndGlobalSection
EndGlobal
